# THIS IS AN AUTOGENERATED FILE. DO NOT EDIT THIS FILE DIRECTLY.
# yarn lockfile v1


rx-file@^1.0.0:
  version "1.0.0"
  resolved "https://registry.yarnpkg.com/rx-file/-/rx-file-1.0.0.tgz#040e4519dbd823c830713792644ae7047de2409c"
  integrity sha512-10X9neCwdlHOlE9WnWq1EAhtWAgZwZ+G2O1ghIs9JEQs2f7bIpTrg+P4L77qeFMefSyikXg6qH3CqAmejrsXSQ==
